
Microsoft Visual Studio Solution File, Format Version 12.00
# Visual Studio 15
VisualStudioVersion = 15.0.26430.16
MinimumVisualStudioVersion = 10.0.40219.1
Project("{FAE04EC0-301F-11D3-BF4B-00C04F79EFBC}") = "Task", "Task\Task.csproj", "{1630BF3A-D315-49B6-A6E4-B520240E040B}"
EndProject
Project("{FAE04EC0-301F-11D3-BF4B-00C04F79EFBC}") = "Task.Web.Api", "Task.Web.Api\Task.Web.Api.csproj", "{5DE2590F-AB94-4244-A47F-ABE225ACFCCC}"
EndProject
Project("{FAE04EC0-301F-11D3-BF4B-00C04F79EFBC}") = "Task.Windows", "Task.Windows.Forms\Task.Windows.csproj", "{FFC6DAEB-E325-49ED-A722-C86E750558EB}"
EndProject
Project("{FAE04EC0-301F-11D3-BF4B-00C04F79EFBC}") = "Task.BusinessLayer", "Task.BusinessLayer\Task.BusinessLayer.csproj", "{49DE6C41-B48A-47E6-973B-F643CCFF9FEE}"
EndProject
Project("{FAE04EC0-301F-11D3-BF4B-00C04F79EFBC}") = "Task.DTO", "Task.DTO\Task.DTO.csproj", "{5DE20F61-A2ED-4D86-9722-2EA1B72149DA}"
EndProject
Global
	GlobalSection(SolutionConfigurationPlatforms) = preSolution
		Debug|Any CPU = Debug|Any CPU
		Release|Any CPU = Release|Any CPU
	EndGlobalSection
	GlobalSection(ProjectConfigurationPlatforms) = postSolution
		{1630BF3A-D315-49B6-A6E4-B520240E040B}.Debug|Any CPU.ActiveCfg = Debug|Any CPU
		{1630BF3A-D315-49B6-A6E4-B520240E040B}.Debug|Any CPU.Build.0 = Debug|Any CPU
		{1630BF3A-D315-49B6-A6E4-B520240E040B}.Release|Any CPU.ActiveCfg = Release|Any CPU
		{1630BF3A-D315-49B6-A6E4-B520240E040B}.Release|Any CPU.Build.0 = Release|Any CPU
		{5DE2590F-AB94-4244-A47F-ABE225ACFCCC}.Debug|Any CPU.ActiveCfg = Debug|Any CPU
		{5DE2590F-AB94-4244-A47F-ABE225ACFCCC}.Debug|Any CPU.Build.0 = Debug|Any CPU
		{5DE2590F-AB94-4244-A47F-ABE225ACFCCC}.Release|Any CPU.ActiveCfg = Release|Any CPU
		{5DE2590F-AB94-4244-A47F-ABE225ACFCCC}.Release|Any CPU.Build.0 = Release|Any CPU
		{FFC6DAEB-E325-49ED-A722-C86E750558EB}.Debug|Any CPU.ActiveCfg = Debug|Any CPU
		{FFC6DAEB-E325-49ED-A722-C86E750558EB}.Debug|Any CPU.Build.0 = Debug|Any CPU
		{FFC6DAEB-E325-49ED-A722-C86E750558EB}.Release|Any CPU.ActiveCfg = Release|Any CPU
		{FFC6DAEB-E325-49ED-A722-C86E750558EB}.Release|Any CPU.Build.0 = Release|Any CPU
		{49DE6C41-B48A-47E6-973B-F643CCFF9FEE}.Debug|Any CPU.ActiveCfg = Debug|Any CPU
		{49DE6C41-B48A-47E6-973B-F643CCFF9FEE}.Debug|Any CPU.Build.0 = Debug|Any CPU
		{49DE6C41-B48A-47E6-973B-F643CCFF9FEE}.Release|Any CPU.ActiveCfg = Release|Any CPU
		{49DE6C41-B48A-47E6-973B-F643CCFF9FEE}.Release|Any CPU.Build.0 = Release|Any CPU
		{5DE20F61-A2ED-4D86-9722-2EA1B72149DA}.Debug|Any CPU.ActiveCfg = Debug|Any CPU
		{5DE20F61-A2ED-4D86-9722-2EA1B72149DA}.Debug|Any CPU.Build.0 = Debug|Any CPU
		{5DE20F61-A2ED-4D86-9722-2EA1B72149DA}.Release|Any CPU.ActiveCfg = Release|Any CPU
		{5DE20F61-A2ED-4D86-9722-2EA1B72149DA}.Release|Any CPU.Build.0 = Release|Any CPU
	EndGlobalSection
	GlobalSection(SolutionProperties) = preSolution
		HideSolutionNode = FALSE
	EndGlobalSection
	GlobalSection(ExtensibilityGlobals) = postSolution
		SolutionGuid = {4BB8F960-59C2-40BE-B643-A96686F6E46F}
	EndGlobalSection
EndGlobal
